
Microsoft Visual Studio Solution File, Format Version 12.00
# Visual Studio Version 16
VisualStudioVersion = 16.0.30413.136
MinimumVisualStudioVersion = 10.0.40219.1
Project("{FAE04EC0-301F-11D3-BF4B-00C04F79EFBC}") = "DrivingStatsBackend", "DrivingStatsBackend\DrivingStatsBackend.csproj", "{39DA0BFA-7ADE-4887-9129-9527B56BFA39}"
EndProject
Global
	GlobalSection(SolutionConfigurationPlatforms) = preSolution
		Debug|Any CPU = Debug|Any CPU
		Release|Any CPU = Release|Any CPU
	EndGlobalSection
	GlobalSection(ProjectConfigurationPlatforms) = postSolution
		{39DA0BFA-7ADE-4887-9129-9527B56BFA39}.Debug|Any CPU.ActiveCfg = Debug|Any CPU
		{39DA0BFA-7ADE-4887-9129-9527B56BFA39}.Debug|Any CPU.Build.0 = Debug|Any CPU
		{39DA0BFA-7ADE-4887-9129-9527B56BFA39}.Release|Any CPU.ActiveCfg = Release|Any CPU
		{39DA0BFA-7ADE-4887-9129-9527B56BFA39}.Release|Any CPU.Build.0 = Release|Any CPU
	EndGlobalSection
	GlobalSection(SolutionProperties) = preSolution
		HideSolutionNode = FALSE
	EndGlobalSection
	GlobalSection(ExtensibilityGlobals) = postSolution
		SolutionGuid = {E4EAAFFD-0EFF-463C-983B-6AAAE90A3E4A}
	EndGlobalSection
EndGlobal
